
Microsoft Visual Studio Solution File, Format Version 12.00
# Visual Studio Version 16
VisualStudioVersion = 16.0.30204.135
MinimumVisualStudioVersion = 10.0.40219.1
Project("{FAE04EC0-301F-11D3-BF4B-00C04F79EFBC}") = "ViewTree", "ViewTree.csproj", "{768583FB-41C4-41B7-B83F-E378FDD48A26}"
EndProject
Global
	GlobalSection(SolutionConfigurationPlatforms) = preSolution
		Debug|Any CPU = Debug|Any CPU
		Release|Any CPU = Release|Any CPU
	EndGlobalSection
	GlobalSection(ProjectConfigurationPlatforms) = postSolution
		{768583FB-41C4-41B7-B83F-E378FDD48A26}.Debug|Any CPU.ActiveCfg = Debug|Any CPU
		{768583FB-41C4-41B7-B83F-E378FDD48A26}.Debug|Any CPU.Build.0 = Debug|Any CPU
		{768583FB-41C4-41B7-B83F-E378FDD48A26}.Release|Any CPU.ActiveCfg = Release|Any CPU
		{768583FB-41C4-41B7-B83F-E378FDD48A26}.Release|Any CPU.Build.0 = Release|Any CPU
	EndGlobalSection
	GlobalSection(SolutionProperties) = preSolution
		HideSolutionNode = FALSE
	EndGlobalSection
	GlobalSection(ExtensibilityGlobals) = postSolution
		SolutionGuid = {FC16129B-85EF-4893-AC56-097BDABCA6B3}
	EndGlobalSection
EndGlobal
